
Microsoft Visual Studio Solution File, Format Version 12.00
# Visual Studio Version 16
VisualStudioVersion = 16.0.30320.27
MinimumVisualStudioVersion = 10.0.40219.1
Project("{FAE04EC0-301F-11D3-BF4B-00C04F79EFBC}") = "EquellaMetadataUtility", "EquellaMetadataUtility\EquellaMetadataUtility.csproj", "{D5142259-E52F-4FA2-9C7A-25C80A1B4425}"
EndProject
Project("{FAE04EC0-301F-11D3-BF4B-00C04F79EFBC}") = "FastColoredTextBox", "FastColoredTextBox\FastColoredTextBox.csproj", "{6DD14A85-CCFC-4774-BD26-0F5772512319}"
EndProject
Project("{FAE04EC0-301F-11D3-BF4B-00C04F79EFBC}") = "LumenWorks.Framework.IO", "CsvReader\LumenWorks.Framework.IO\LumenWorks.Framework.IO.csproj", "{E3B83D68-C90C-4874-8E5F-DEC8D038BC7C}"
EndProject
Global
	GlobalSection(SolutionConfigurationPlatforms) = preSolution
		Debug|Any CPU = Debug|Any CPU
		Release|Any CPU = Release|Any CPU
	EndGlobalSection
	GlobalSection(ProjectConfigurationPlatforms) = postSolution
		{D5142259-E52F-4FA2-9C7A-25C80A1B4425}.Debug|Any CPU.ActiveCfg = Debug|Any CPU
		{D5142259-E52F-4FA2-9C7A-25C80A1B4425}.Debug|Any CPU.Build.0 = Debug|Any CPU
		{D5142259-E52F-4FA2-9C7A-25C80A1B4425}.Release|Any CPU.ActiveCfg = Release|Any CPU
		{D5142259-E52F-4FA2-9C7A-25C80A1B4425}.Release|Any CPU.Build.0 = Release|Any CPU
		{6DD14A85-CCFC-4774-BD26-0F5772512319}.Debug|Any CPU.ActiveCfg = Debug|Any CPU
		{6DD14A85-CCFC-4774-BD26-0F5772512319}.Debug|Any CPU.Build.0 = Debug|Any CPU
		{6DD14A85-CCFC-4774-BD26-0F5772512319}.Release|Any CPU.ActiveCfg = Release|Any CPU
		{6DD14A85-CCFC-4774-BD26-0F5772512319}.Release|Any CPU.Build.0 = Release|Any CPU
		{E3B83D68-C90C-4874-8E5F-DEC8D038BC7C}.Debug|Any CPU.ActiveCfg = Debug|Any CPU
		{E3B83D68-C90C-4874-8E5F-DEC8D038BC7C}.Debug|Any CPU.Build.0 = Debug|Any CPU
		{E3B83D68-C90C-4874-8E5F-DEC8D038BC7C}.Release|Any CPU.ActiveCfg = Release|Any CPU
		{E3B83D68-C90C-4874-8E5F-DEC8D038BC7C}.Release|Any CPU.Build.0 = Release|Any CPU
	EndGlobalSection
	GlobalSection(SolutionProperties) = preSolution
		HideSolutionNode = FALSE
	EndGlobalSection
	GlobalSection(ExtensibilityGlobals) = postSolution
		SolutionGuid = {E9D0C769-F70A-4849-A7EB-6E6B801A568D}
	EndGlobalSection
EndGlobal
